
Microsoft Visual Studio Solution File, Format Version 12.00
# Visual Studio 15
VisualStudioVersion = 15.0.28307.438
MinimumVisualStudioVersion = 10.0.40219.1
Project("{9092AA53-FB77-4645-B42D-1CCCA6BD08BD}") = "Lab3", "Lab3\Lab3.njsproj", "{E16B6003-2829-4AF9-9CD6-05C5557DC348}"
EndProject
Global
	GlobalSection(SolutionConfigurationPlatforms) = preSolution
		Debug|Any CPU = Debug|Any CPU
		Release|Any CPU = Release|Any CPU
	EndGlobalSection
	GlobalSection(ProjectConfigurationPlatforms) = postSolution
		{E16B6003-2829-4AF9-9CD6-05C5557DC348}.Debug|Any CPU.ActiveCfg = Debug|Any CPU
		{E16B6003-2829-4AF9-9CD6-05C5557DC348}.Debug|Any CPU.Build.0 = Debug|Any CPU
		{E16B6003-2829-4AF9-9CD6-05C5557DC348}.Release|Any CPU.ActiveCfg = Release|Any CPU
		{E16B6003-2829-4AF9-9CD6-05C5557DC348}.Release|Any CPU.Build.0 = Release|Any CPU
	EndGlobalSection
	GlobalSection(SolutionProperties) = preSolution
		HideSolutionNode = FALSE
	EndGlobalSection
	GlobalSection(ExtensibilityGlobals) = postSolution
		SolutionGuid = {18527801-2B8E-48EA-ADBE-075C2B81A158}
	EndGlobalSection
EndGlobal
